// !$*UTF8*$!
{
	archiveVersion = 1;
	classes = {
	};
	objectVersion = 56;
	objects = {

/* Begin PBXBuildFile section */
		8C4B001D1B774451A6C5C41F /* SmartTimeManagementApp.swift in Sources */ = {isa = PBXBuildFile; fileRef = 8C4B000D1B774451A6C5C41F /* SmartTimeManagementApp.swift */; };
		8C4B001E1B774451A6C5C41F /* Models.swift in Sources */ = {isa = PBXBuildFile; fileRef = 8C4B000E1B774451A6C5C41F /* Models.swift */; };
		8C4B001F1B774451A6C5C41F /* PlannerStore.swift in Sources */ = {isa = PBXBuildFile; fileRef = 8C4B000F1B774451A6C5C41F /* PlannerStore.swift */; };
		8C4B00201B774451A6C5C41F /* ScheduleAdvisor.swift in Sources */ = {isa = PBXBuildFile; fileRef = 8C4B00101B774451A6C5C41F /* ScheduleAdvisor.swift */; };
		8C4B00211B774451A6C5C41F /* NotificationScheduler.swift in Sources */ = {isa = PBXBuildFile; fileRef = 8C4B00111B774451A6C5C41F /* NotificationScheduler.swift */; };
		8C4B00221B774451A6C5C41F /* RootView.swift in Sources */ = {isa = PBXBuildFile; fileRef = 8C4B00121B774451A6C5C41F /* RootView.swift */; };
		8C4B00231B774451A6C5C41F /* DashboardView.swift in Sources */ = {isa = PBXBuildFile; fileRef = 8C4B00131B774451A6C5C41F /* DashboardView.swift */; };
		8C4B00241B774451A6C5C41F /* PlannerView.swift in Sources */ = {isa = PBXBuildFile; fileRef = 8C4B00141B774451A6C5C41F /* PlannerView.swift */; };
		8C4B00251B774451A6C5C41F /* CalendarView.swift in Sources */ = {isa = PBXBuildFile; fileRef = 8C4B00151B774451A6C5C41F /* CalendarView.swift */; };
		8C4B00261B774451A6C5C41F /* ClientsView.swift in Sources */ = {isa = PBXBuildFile; fileRef = 8C4B00161B774451A6C5C41F /* ClientsView.swift */; };
		8C4B00271B774451A6C5C41F /* NotesView.swift in Sources */ = {isa = PBXBuildFile; fileRef = 8C4B00171B774451A6C5C41F /* NotesView.swift */; };
		8C4B00281B774451A6C5C41F /* SharedViews.swift in Sources */ = {isa = PBXBuildFile; fileRef = 8C4B00181B774451A6C5C41F /* SharedViews.swift */; };
		8C4B00291B774451A6C5C41F /* SmartTimeManagementTests.swift in Sources */ = {isa = PBXBuildFile; fileRef = 8C4B001A1B774451A6C5C41F /* SmartTimeManagementTests.swift */; };
/* End PBXBuildFile section */

/* Begin PBXContainerItemProxy section */
		8C4B002A1B774451A6C5C41F /* PBXContainerItemProxy */ = {
			isa = PBXContainerItemProxy;
			containerPortal = 8C4B00011B774451A6C5C41F /* Project object */;
			proxyType = 1;
			remoteGlobalIDString = 8C4B00081B774451A6C5C41F;
			remoteInfo = SmartTimeManagement;
		};
/* End PBXContainerItemProxy section */

/* Begin PBXFileReference section */
		8C4B00091B774451A6C5C41F /* SmartTimeManagement.app */ = {isa = PBXFileReference; explicitFileType = wrapper.application; includeInIndex = 0; path = SmartTimeManagement.app; sourceTree = BUILT_PRODUCTS_DIR; };
		8C4B000A1B774451A6C5C41F /* SmartTimeManagementTests.xctest */ = {isa = PBXFileReference; explicitFileType = wrapper.cfbundle; includeInIndex = 0; path = SmartTimeManagementTests.xctest; sourceTree = BUILT_PRODUCTS_DIR; };
		8C4B000D1B774451A6C5C41F /* SmartTimeManagementApp.swift */ = {isa = PBXFileReference; lastKnownFileType = sourcecode.swift; path = SmartTimeManagementApp.swift; sourceTree = "<group>"; };
		8C4B000E1B774451A6C5C41F /* Models.swift */ = {isa = PBXFileReference; lastKnownFileType = sourcecode.swift; path = Models.swift; sourceTree = "<group>"; };
		8C4B000F1B774451A6C5C41F /* PlannerStore.swift */ = {isa = PBXFileReference; lastKnownFileType = sourcecode.swift; path = PlannerStore.swift; sourceTree = "<group>"; };
		8C4B00101B774451A6C5C41F /* ScheduleAdvisor.swift */ = {isa = PBXFileReference; lastKnownFileType = sourcecode.swift; path = ScheduleAdvisor.swift; sourceTree = "<group>"; };
		8C4B00111B774451A6C5C41F /* NotificationScheduler.swift */ = {isa = PBXFileReference; lastKnownFileType = sourcecode.swift; path = NotificationScheduler.swift; sourceTree = "<group>"; };
		8C4B00121B774451A6C5C41F /* RootView.swift */ = {isa = PBXFileReference; lastKnownFileType = sourcecode.swift; path = RootView.swift; sourceTree = "<group>"; };
		8C4B00131B774451A6C5C41F /* DashboardView.swift */ = {isa = PBXFileReference; lastKnownFileType = sourcecode.swift; path = DashboardView.swift; sourceTree = "<group>"; };
		8C4B00141B774451A6C5C41F /* PlannerView.swift */ = {isa = PBXFileReference; lastKnownFileType = sourcecode.swift; path = PlannerView.swift; sourceTree = "<group>"; };
		8C4B00151B774451A6C5C41F /* CalendarView.swift */ = {isa = PBXFileReference; lastKnownFileType = sourcecode.swift; path = CalendarView.swift; sourceTree = "<group>"; };
		8C4B00161B774451A6C5C41F /* ClientsView.swift */ = {isa = PBXFileReference; lastKnownFileType = sourcecode.swift; path = ClientsView.swift; sourceTree = "<group>"; };
		8C4B00171B774451A6C5C41F /* NotesView.swift */ = {isa = PBXFileReference; lastKnownFileType = sourcecode.swift; path = NotesView.swift; sourceTree = "<group>"; };
		8C4B00181B774451A6C5C41F /* SharedViews.swift */ = {isa = PBXFileReference; lastKnownFileType = sourcecode.swift; path = SharedViews.swift; sourceTree = "<group>"; };
		8C4B001A1B774451A6C5C41F /* SmartTimeManagementTests.swift */ = {isa = PBXFileReference; lastKnownFileType = sourcecode.swift; path = SmartTimeManagementTests.swift; sourceTree = "<group>"; };
/* End PBXFileReference section */

/* Begin PBXFrameworksBuildPhase section */
		8C4B00061B774451A6C5C41F /* Frameworks */ = {isa = PBXFrameworksBuildPhase; buildActionMask = 2147483647; files = (); runOnlyForDeploymentPostprocessing = 0; };
		8C4B00071B774451A6C5C41F /* Frameworks */ = {isa = PBXFrameworksBuildPhase; buildActionMask = 2147483647; files = (); runOnlyForDeploymentPostprocessing = 0; };
/* End PBXFrameworksBuildPhase section */

/* Begin PBXGroup section */
		8C4B00021B774451A6C5C41F = {
			isa = PBXGroup;
			children = (
				8C4B000B1B774451A6C5C41F /* SmartTimeManagement */,
				8C4B00191B774451A6C5C41F /* SmartTimeManagementTests */,
				8C4B000C1B774451A6C5C41F /* Products */,
			);
			sourceTree = "<group>";
		};
		8C4B000B1B774451A6C5C41F /* SmartTimeManagement */ = {
			isa = PBXGroup;
			children = (
				8C4B000D1B774451A6C5C41F /* SmartTimeManagementApp.swift */,
				8C4B001B1B774451A6C5C41F /* Models */,
				8C4B001C1B774451A6C5C41F /* Store */,
				8C4B002B1B774451A6C5C41F /* Services */,
				8C4B002C1B774451A6C5C41F /* Views */,
			);
			path = SmartTimeManagement;
			sourceTree = "<group>";
		};
		8C4B000C1B774451A6C5C41F /* Products */ = {
			isa = PBXGroup;
			children = (
				8C4B00091B774451A6C5C41F /* SmartTimeManagement.app */,
				8C4B000A1B774451A6C5C41F /* SmartTimeManagementTests.xctest */,
			);
			name = Products;
			sourceTree = "<group>";
		};
		8C4B00191B774451A6C5C41F /* SmartTimeManagementTests */ = {
			isa = PBXGroup;
			children = (8C4B001A1B774451A6C5C41F /* SmartTimeManagementTests.swift */);
			path = SmartTimeManagementTests;
			sourceTree = "<group>";
		};
		8C4B001B1B774451A6C5C41F /* Models */ = {isa = PBXGroup; children = (8C4B000E1B774451A6C5C41F /* Models.swift */); path = Models; sourceTree = "<group>"; };
		8C4B001C1B774451A6C5C41F /* Store */ = {isa = PBXGroup; children = (8C4B000F1B774451A6C5C41F /* PlannerStore.swift */); path = Store; sourceTree = "<group>"; };
		8C4B002B1B774451A6C5C41F /* Services */ = {isa = PBXGroup; children = (8C4B00101B774451A6C5C41F /* ScheduleAdvisor.swift */, 8C4B00111B774451A6C5C41F /* NotificationScheduler.swift */); path = Services; sourceTree = "<group>"; };
		8C4B002C1B774451A6C5C41F /* Views */ = {isa = PBXGroup; children = (8C4B00121B774451A6C5C41F /* RootView.swift */, 8C4B00131B774451A6C5C41F /* DashboardView.swift */, 8C4B00141B774451A6C5C41F /* PlannerView.swift */, 8C4B00151B774451A6C5C41F /* CalendarView.swift */, 8C4B00161B774451A6C5C41F /* ClientsView.swift */, 8C4B00171B774451A6C5C41F /* NotesView.swift */, 8C4B00181B774451A6C5C41F /* SharedViews.swift */); path = Views; sourceTree = "<group>"; };
/* End PBXGroup section */

/* Begin PBXNativeTarget section */
		8C4B00081B774451A6C5C41F /* SmartTimeManagement */ = {
			isa = PBXNativeTarget;
			buildConfigurationList = 8C4B00301B774451A6C5C41F /* Build configuration list for PBXNativeTarget "SmartTimeManagement" */;
			buildPhases = (8C4B00051B774451A6C5C41F /* Sources */, 8C4B00061B774451A6C5C41F /* Frameworks */, 8C4B002D1B774451A6C5C41F /* Resources */);
			buildRules = ();
			dependencies = ();
			name = SmartTimeManagement;
			productName = SmartTimeManagement;
			productReference = 8C4B00091B774451A6C5C41F /* SmartTimeManagement.app */;
			productType = "com.apple.product-type.application";
		};
		8C4B002E1B774451A6C5C41F /* SmartTimeManagementTests */ = {
			isa = PBXNativeTarget;
			buildConfigurationList = 8C4B00331B774451A6C5C41F /* Build configuration list for PBXNativeTarget "SmartTimeManagementTests" */;
			buildPhases = (8C4B002F1B774451A6C5C41F /* Sources */, 8C4B00071B774451A6C5C41F /* Frameworks */, 8C4B00321B774451A6C5C41F /* Resources */);
			buildRules = ();
			dependencies = (8C4B00311B774451A6C5C41F /* PBXTargetDependency */);
			name = SmartTimeManagementTests;
			productName = SmartTimeManagementTests;
			productReference = 8C4B000A1B774451A6C5C41F /* SmartTimeManagementTests.xctest */;
			productType = "com.apple.product-type.bundle.unit-test";
		};
/* End PBXNativeTarget section */

/* Begin PBXProject section */
		8C4B00011B774451A6C5C41F /* Project object */ = {
			isa = PBXProject;
			attributes = {BuildIndependentTargetsInParallel = 1; LastSwiftUpdateCheck = 1540; LastUpgradeCheck = 1540; TargetAttributes = {8C4B00081B774451A6C5C41F = {CreatedOnToolsVersion = 15.4;}; 8C4B002E1B774451A6C5C41F = {CreatedOnToolsVersion = 15.4; TestTargetID = 8C4B00081B774451A6C5C41F;};};};
			buildConfigurationList = 8C4B00041B774451A6C5C41F /* Build configuration list for PBXProject "SmartTimeManagement" */;
			compatibilityVersion = "Xcode 14.0";
			developmentRegion = en;
			hasScannedForEncodings = 0;
			knownRegions = (en, Base);
			mainGroup = 8C4B00021B774451A6C5C41F;
			productRefGroup = 8C4B000C1B774451A6C5C41F /* Products */;
			projectDirPath = "";
			projectRoot = "";
			targets = (8C4B00081B774451A6C5C41F /* SmartTimeManagement */, 8C4B002E1B774451A6C5C41F /* SmartTimeManagementTests */);
		};
/* End PBXProject section */

/* Begin PBXResourcesBuildPhase section */
		8C4B002D1B774451A6C5C41F /* Resources */ = {isa = PBXResourcesBuildPhase; buildActionMask = 2147483647; files = (); runOnlyForDeploymentPostprocessing = 0; };
		8C4B00321B774451A6C5C41F /* Resources */ = {isa = PBXResourcesBuildPhase; buildActionMask = 2147483647; files = (); runOnlyForDeploymentPostprocessing = 0; };
/* End PBXResourcesBuildPhase section */

/* Begin PBXSourcesBuildPhase section */
		8C4B00051B774451A6C5C41F /* Sources */ = {isa = PBXSourcesBuildPhase; buildActionMask = 2147483647; files = (8C4B001D1B774451A6C5C41F, 8C4B001E1B774451A6C5C41F, 8C4B001F1B774451A6C5C41F, 8C4B00201B774451A6C5C41F, 8C4B00211B774451A6C5C41F, 8C4B00221B774451A6C5C41F, 8C4B00231B774451A6C5C41F, 8C4B00241B774451A6C5C41F, 8C4B00251B774451A6C5C41F, 8C4B00261B774451A6C5C41F, 8C4B00271B774451A6C5C41F, 8C4B00281B774451A6C5C41F); runOnlyForDeploymentPostprocessing = 0; };
		8C4B002F1B774451A6C5C41F /* Sources */ = {isa = PBXSourcesBuildPhase; buildActionMask = 2147483647; files = (8C4B00291B774451A6C5C41F); runOnlyForDeploymentPostprocessing = 0; };
/* End PBXSourcesBuildPhase section */

/* Begin PBXTargetDependency section */
		8C4B00311B774451A6C5C41F /* PBXTargetDependency */ = {isa = PBXTargetDependency; target = 8C4B00081B774451A6C5C41F /* SmartTimeManagement */; targetProxy = 8C4B002A1B774451A6C5C41F /* PBXContainerItemProxy */; };
/* End PBXTargetDependency section */

/* Begin XCBuildConfiguration section */
		8C4B00341B774451A6C5C41F /* Debug */ = {isa = XCBuildConfiguration; buildSettings = {ALWAYS_SEARCH_USER_PATHS = NO; CLANG_ANALYZER_NONNULL = YES; CLANG_ANALYZER_NUMBER_OBJECT_CONVERSION = YES_AGGRESSIVE; CLANG_CXX_LANGUAGE_STANDARD = "gnu++20"; CLANG_ENABLE_MODULES = YES; CLANG_ENABLE_OBJC_ARC = YES; CLANG_ENABLE_OBJC_WEAK = YES; CLANG_WARN_BLOCK_CAPTURE_AUTORELEASING = YES; CLANG_WARN_BOOL_CONVERSION = YES; CLANG_WARN_COMMA = YES; CLANG_WARN_CONSTANT_CONVERSION = YES; CLANG_WARN_DEPRECATED_OBJC_IMPLEMENTATIONS = YES; CLANG_WARN_DIRECT_OBJC_ISA_USAGE = YES_ERROR; CLANG_WARN_DOCUMENTATION_COMMENTS = YES; CLANG_WARN_EMPTY_BODY = YES; CLANG_WARN_ENUM_CONVERSION = YES; CLANG_WARN_INFINITE_RECURSION = YES; CLANG_WARN_INT_CONVERSION = YES; CLANG_WARN_NON_LITERAL_NULL_CONVERSION = YES; CLANG_WARN_OBJC_IMPLICIT_RETAIN_SELF = YES; CLANG_WARN_OBJC_LITERAL_CONVERSION = YES; CLANG_WARN_OBJC_ROOT_CLASS = YES_ERROR; CLANG_WARN_QUOTED_INCLUDE_IN_FRAMEWORK_HEADER = YES; CLANG_WARN_RANGE_LOOP_ANALYSIS = YES; CLANG_WARN_STRICT_PROTOTYPES = YES; CLANG_WARN_SUSPICIOUS_MOVE = YES; CLANG_WARN_UNGUARDED_AVAILABILITY = YES_AGGRESSIVE; CLANG_WARN_UNREACHABLE_CODE = YES; CLANG_WARN__DUPLICATE_METHOD_MATCH = YES; COPY_PHASE_STRIP = NO; DEBUG_INFORMATION_FORMAT = dwarf; ENABLE_STRICT_OBJC_MSGSEND = YES; ENABLE_TESTABILITY = YES; ENABLE_USER_SCRIPT_SANDBOXING = YES; GCC_C_LANGUAGE_STANDARD = gnu17; GCC_DYNAMIC_NO_PIC = NO; GCC_NO_COMMON_BLOCKS = YES; GCC_OPTIMIZATION_LEVEL = 0; GCC_PREPROCESSOR_DEFINITIONS = ("DEBUG=1", "$(inherited)"); GCC_WARN_64_TO_32_BIT_CONVERSION = YES; GCC_WARN_ABOUT_RETURN_TYPE = YES_ERROR; GCC_WARN_UNDECLARED_SELECTOR = YES; GCC_WARN_UNINITIALIZED_AUTOS = YES_AGGRESSIVE; GCC_WARN_UNUSED_FUNCTION = YES; GCC_WARN_UNUSED_VARIABLE = YES; IPHONEOS_DEPLOYMENT_TARGET = 17.0; MTL_ENABLE_DEBUG_INFO = INCLUDE_SOURCE; MTL_FAST_MATH = YES; ONLY_ACTIVE_ARCH = YES; SDKROOT = iphoneos; SWIFT_ACTIVE_COMPILATION_CONDITIONS = DEBUG; SWIFT_OPTIMIZATION_LEVEL = "-Onone";}; name = Debug; };
		8C4B00351B774451A6C5C41F /* Release */ = {isa = XCBuildConfiguration; buildSettings = {ALWAYS_SEARCH_USER_PATHS = NO; CLANG_ANALYZER_NONNULL = YES; CLANG_ANALYZER_NUMBER_OBJECT_CONVERSION = YES_AGGRESSIVE; CLANG_CXX_LANGUAGE_STANDARD = "gnu++20"; CLANG_ENABLE_MODULES = YES; CLANG_ENABLE_OBJC_ARC = YES; CLANG_ENABLE_OBJC_WEAK = YES; CLANG_WARN_BLOCK_CAPTURE_AUTORELEASING = YES; CLANG_WARN_BOOL_CONVERSION = YES; CLANG_WARN_COMMA = YES; CLANG_WARN_CONSTANT_CONVERSION = YES; CLANG_WARN_DEPRECATED_OBJC_IMPLEMENTATIONS = YES; CLANG_WARN_DIRECT_OBJC_ISA_USAGE = YES_ERROR; CLANG_WARN_DOCUMENTATION_COMMENTS = YES; CLANG_WARN_EMPTY_BODY = YES; CLANG_WARN_ENUM_CONVERSION = YES; CLANG_WARN_INFINITE_RECURSION = YES; CLANG_WARN_INT_CONVERSION = YES; CLANG_WARN_NON_LITERAL_NULL_CONVERSION = YES; CLANG_WARN_OBJC_IMPLICIT_RETAIN_SELF = YES; CLANG_WARN_OBJC_LITERAL_CONVERSION = YES; CLANG_WARN_OBJC_ROOT_CLASS = YES_ERROR; CLANG_WARN_QUOTED_INCLUDE_IN_FRAMEWORK_HEADER = YES; CLANG_WARN_RANGE_LOOP_ANALYSIS = YES; CLANG_WARN_STRICT_PROTOTYPES = YES; CLANG_WARN_SUSPICIOUS_MOVE = YES; CLANG_WARN_UNGUARDED_AVAILABILITY = YES_AGGRESSIVE; CLANG_WARN_UNREACHABLE_CODE = YES; CLANG_WARN__DUPLICATE_METHOD_MATCH = YES; COPY_PHASE_STRIP = NO; DEBUG_INFORMATION_FORMAT = "dwarf-with-dsym"; ENABLE_NS_ASSERTIONS = NO; ENABLE_STRICT_OBJC_MSGSEND = YES; ENABLE_USER_SCRIPT_SANDBOXING = YES; GCC_C_LANGUAGE_STANDARD = gnu17; GCC_NO_COMMON_BLOCKS = YES; GCC_WARN_64_TO_32_BIT_CONVERSION = YES; GCC_WARN_ABOUT_RETURN_TYPE = YES_ERROR; GCC_WARN_UNDECLARED_SELECTOR = YES; GCC_WARN_UNINITIALIZED_AUTOS = YES_AGGRESSIVE; GCC_WARN_UNUSED_FUNCTION = YES; GCC_WARN_UNUSED_VARIABLE = YES; IPHONEOS_DEPLOYMENT_TARGET = 17.0; MTL_ENABLE_DEBUG_INFO = NO; MTL_FAST_MATH = YES; SDKROOT = iphoneos; SWIFT_COMPILATION_MODE = wholemodule; SWIFT_OPTIMIZATION_LEVEL = "-O"; VALIDATE_PRODUCT = YES;}; name = Release; };
		8C4B00361B774451A6C5C41F /* Debug */ = {isa = XCBuildConfiguration; buildSettings = {CODE_SIGN_STYLE = Automatic; CURRENT_PROJECT_VERSION = 1; DEVELOPMENT_TEAM = ""; ENABLE_PREVIEWS = YES; GENERATE_INFOPLIST_FILE = YES; INFOPLIST_KEY_CFBundleDisplayName = "Smart Time"; INFOPLIST_KEY_UIApplicationSceneManifest_Generation = YES; INFOPLIST_KEY_UIApplicationSupportsIndirectInputEvents = YES; INFOPLIST_KEY_UILaunchScreen_Generation = YES; INFOPLIST_KEY_UIUserInterfaceStyle = Light; MARKETING_VERSION = 1.0; PRODUCT_BUNDLE_IDENTIFIER = com.nuril.smarttimemanagement; PRODUCT_NAME = "$(TARGET_NAME)"; SWIFT_EMIT_LOC_STRINGS = YES; SWIFT_VERSION = 5.0; TARGETED_DEVICE_FAMILY = "1,2";}; name = Debug; };
		8C4B00371B774451A6C5C41F /* Release */ = {isa = XCBuildConfiguration; buildSettings = {CODE_SIGN_STYLE = Automatic; CURRENT_PROJECT_VERSION = 1; DEVELOPMENT_TEAM = ""; ENABLE_PREVIEWS = YES; GENERATE_INFOPLIST_FILE = YES; INFOPLIST_KEY_CFBundleDisplayName = "Smart Time"; INFOPLIST_KEY_UIApplicationSceneManifest_Generation = YES; INFOPLIST_KEY_UIApplicationSupportsIndirectInputEvents = YES; INFOPLIST_KEY_UILaunchScreen_Generation = YES; INFOPLIST_KEY_UIUserInterfaceStyle = Light; MARKETING_VERSION = 1.0; PRODUCT_BUNDLE_IDENTIFIER = com.nuril.smarttimemanagement; PRODUCT_NAME = "$(TARGET_NAME)"; SWIFT_EMIT_LOC_STRINGS = YES; SWIFT_VERSION = 5.0; TARGETED_DEVICE_FAMILY = "1,2";}; name = Release; };
		8C4B00381B774451A6C5C41F /* Debug */ = {isa = XCBuildConfiguration; buildSettings = {BUNDLE_LOADER = "$(TEST_HOST)"; CODE_SIGN_STYLE = Automatic; CURRENT_PROJECT_VERSION = 1; DEVELOPMENT_TEAM = ""; GENERATE_INFOPLIST_FILE = YES; MARKETING_VERSION = 1.0; PRODUCT_BUNDLE_IDENTIFIER = com.nuril.smarttimemanagement.tests; PRODUCT_NAME = "$(TARGET_NAME)"; SWIFT_VERSION = 5.0; TARGETED_DEVICE_FAMILY = "1,2"; TEST_HOST = "$(BUILT_PRODUCTS_DIR)/SmartTimeManagement.app/SmartTimeManagement";}; name = Debug; };
		8C4B00391B774451A6C5C41F /* Release */ = {isa = XCBuildConfiguration; buildSettings = {BUNDLE_LOADER = "$(TEST_HOST)"; CODE_SIGN_STYLE = Automatic; CURRENT_PROJECT_VERSION = 1; DEVELOPMENT_TEAM = ""; GENERATE_INFOPLIST_FILE = YES; MARKETING_VERSION = 1.0; PRODUCT_BUNDLE_IDENTIFIER = com.nuril.smarttimemanagement.tests; PRODUCT_NAME = "$(TARGET_NAME)"; SWIFT_VERSION = 5.0; TARGETED_DEVICE_FAMILY = "1,2"; TEST_HOST = "$(BUILT_PRODUCTS_DIR)/SmartTimeManagement.app/SmartTimeManagement";}; name = Release; };
/* End XCBuildConfiguration section */

/* Begin XCConfigurationList section */
		8C4B00041B774451A6C5C41F /* Build configuration list for PBXProject "SmartTimeManagement" */ = {isa = XCConfigurationList; buildConfigurations = (8C4B00341B774451A6C5C41F /* Debug */, 8C4B00351B774451A6C5C41F /* Release */); defaultConfigurationIsVisible = 0; defaultConfigurationName = Release; };
		8C4B00301B774451A6C5C41F /* Build configuration list for PBXNativeTarget "SmartTimeManagement" */ = {isa = XCConfigurationList; buildConfigurations = (8C4B00361B774451A6C5C41F /* Debug */, 8C4B00371B774451A6C5C41F /* Release */); defaultConfigurationIsVisible = 0; defaultConfigurationName = Release; };
		8C4B00331B774451A6C5C41F /* Build configuration list for PBXNativeTarget "SmartTimeManagementTests" */ = {isa = XCConfigurationList; buildConfigurations = (8C4B00381B774451A6C5C41F /* Debug */, 8C4B00391B774451A6C5C41F /* Release */); defaultConfigurationIsVisible = 0; defaultConfigurationName = Release; };
/* End XCConfigurationList section */
	};
	rootObject = 8C4B00011B774451A6C5C41F /* Project object */;
}
